// !$*UTF8*$!
{
	archiveVersion = 1;
	classes = {
	};
	objectVersion = 46;
	objects = {

/* Begin PBXBuildFile section */
		5B0F6AEF1AD06ACE009798A8 /* threadpool.c in Sources */ = {isa = PBXBuildFile; fileRef = 5B0F6AED1AD06ACE009798A8 /* threadpool.c */; };
		5B8386451ACDA77400D946E0 /* Cola.c in Sources */ = {isa = PBXBuildFile; fileRef = 5B8386431ACDA77400D946E0 /* Cola.c */; };
		5BA22F0E1ACB363C004F5609 /* main.c in Sources */ = {isa = PBXBuildFile; fileRef = 5BA22F0D1ACB363C004F5609 /* main.c */; };
/* End PBXBuildFile section */

/* Begin PBXCopyFilesBuildPhase section */
		5BA22F081ACB363C004F5609 /* CopyFiles */ = {
			isa = PBXCopyFilesBuildPhase;
			buildActionMask = 2147483647;
			dstPath = /usr/share/man/man1/;
			dstSubfolderSpec = 0;
			files = (
			);
			runOnlyForDeploymentPostprocessing = 1;
		};
/* End PBXCopyFilesBuildPhase section */

/* Begin PBXFileReference section */
		5B0F6AED1AD06ACE009798A8 /* threadpool.c */ = {isa = PBXFileReference; fileEncoding = 4; lastKnownFileType = sourcecode.c.c; name = threadpool.c; path = HTTPServer/threadpool.c; sourceTree = "<group>"; };
		5B0F6AEE1AD06ACE009798A8 /* threadpool.h */ = {isa = PBXFileReference; fileEncoding = 4; lastKnownFileType = sourcecode.c.h; name = threadpool.h; path = HTTPServer/threadpool.h; sourceTree = "<group>"; };
		5B8386431ACDA77400D946E0 /* Cola.c */ = {isa = PBXFileReference; fileEncoding = 4; lastKnownFileType = sourcecode.c.c; name = Cola.c; path = HTTPServer/Cola.c; sourceTree = "<group>"; };
		5B8386441ACDA77400D946E0 /* Cola.h */ = {isa = PBXFileReference; fileEncoding = 4; lastKnownFileType = sourcecode.c.h; name = Cola.h; path = HTTPServer/Cola.h; sourceTree = "<group>"; };
		5BA22F0A1ACB363C004F5609 /* HTTPServer */ = {isa = PBXFileReference; explicitFileType = "compiled.mach-o.executable"; includeInIndex = 0; path = HTTPServer; sourceTree = BUILT_PRODUCTS_DIR; };
		5BA22F0D1ACB363C004F5609 /* main.c */ = {isa = PBXFileReference; lastKnownFileType = sourcecode.c.c; name = main.c; path = HTTPServer/main.c; sourceTree = "<group>"; };
/* End PBXFileReference section */

/* Begin PBXFrameworksBuildPhase section */
		5BA22F071ACB363C004F5609 /* Frameworks */ = {
			isa = PBXFrameworksBuildPhase;
			buildActionMask = 2147483647;
			files = (
			);
			runOnlyForDeploymentPostprocessing = 0;
		};
/* End PBXFrameworksBuildPhase section */

/* Begin PBXGroup section */
		5BA22F011ACB363C004F5609 = {
			isa = PBXGroup;
			children = (
				5BA22F0C1ACB363C004F5609 /* HTTPServer */,
				5BA22F0D1ACB363C004F5609 /* main.c */,
				5B8386431ACDA77400D946E0 /* Cola.c */,
				5B8386441ACDA77400D946E0 /* Cola.h */,
				5B0F6AED1AD06ACE009798A8 /* threadpool.c */,
				5B0F6AEE1AD06ACE009798A8 /* threadpool.h */,
				5BA22F0B1ACB363C004F5609 /* Products */,
			);
			sourceTree = "<group>";
		};
		5BA22F0B1ACB363C004F5609 /* Products */ = {
			isa = PBXGroup;
			children = (
				5BA22F0A1ACB363C004F5609 /* HTTPServer */,
			);
			name = Products;
			sourceTree = "<group>";
		};
		5BA22F0C1ACB363C004F5609 /* HTTPServer */ = {
			isa = PBXGroup;
			children = (
			);
			path = HTTPServer;
			sourceTree = "<group>";
		};
/* End PBXGroup section */

/* Begin PBXNativeTarget section */
		5BA22F091ACB363C004F5609 /* HTTPServer */ = {
			isa = PBXNativeTarget;
			buildConfigurationList = 5BA22F111ACB363C004F5609 /* Build configuration list for PBXNativeTarget "HTTPServer" */;
			buildPhases = (
				5BA22F061ACB363C004F5609 /* Sources */,
				5BA22F071ACB363C004F5609 /* Frameworks */,
				5BA22F081ACB363C004F5609 /* CopyFiles */,
			);
			buildRules = (
			);
			dependencies = (
			);
			name = HTTPServer;
			productName = HTTPServer;
			productReference = 5BA22F0A1ACB363C004F5609 /* HTTPServer */;
			productType = "com.apple.product-type.tool";
		};
/* End PBXNativeTarget section */

/* Begin PBXProject section */
		5BA22F021ACB363C004F5609 /* Project object */ = {
			isa = PBXProject;
			attributes = {
				LastUpgradeCheck = 0620;
				ORGANIZATIONNAME = "Esteban Vargas Mora";
				TargetAttributes = {
					5BA22F091ACB363C004F5609 = {
						CreatedOnToolsVersion = 6.2;
					};
				};
			};
			buildConfigurationList = 5BA22F051ACB363C004F5609 /* Build configuration list for PBXProject "HTTPServer" */;
			compatibilityVersion = "Xcode 3.2";
			developmentRegion = English;
			hasScannedForEncodings = 0;
			knownRegions = (
				en,
			);
			mainGroup = 5BA22F011ACB363C004F5609;
			productRefGroup = 5BA22F0B1ACB363C004F5609 /* Products */;
			projectDirPath = "";
			projectRoot = "";
			targets = (
				5BA22F091ACB363C004F5609 /* HTTPServer */,
			);
		};
/* End PBXProject section */

/* Begin PBXSourcesBuildPhase section */
		5BA22F061ACB363C004F5609 /* Sources */ = {
			isa = PBXSourcesBuildPhase;
			buildActionMask = 2147483647;
			files = (
				5B0F6AEF1AD06ACE009798A8 /* threadpool.c in Sources */,
				5B8386451ACDA77400D946E0 /* Cola.c in Sources */,
				5BA22F0E1ACB363C004F5609 /* main.c in Sources */,
			);
			runOnlyForDeploymentPostprocessing = 0;
		};
/* End PBXSourcesBuildPhase section */

/* Begin XCBuildConfiguration section */
		5BA22F0F1ACB363C004F5609 /* Debug */ = {
			isa = XCBuildConfiguration;
			buildSettings = {
				ALWAYS_SEARCH_USER_PATHS = NO;
				ARCHS = "$(ARCHS_STANDARD_32_BIT)";
				CLANG_CXX_LANGUAGE_STANDARD = "gnu++0x";
				CLANG_CXX_LIBRARY = "libc++";
				CLANG_ENABLE_MODULES = YES;
				CLANG_ENABLE_OBJC_ARC = YES;
				CLANG_WARN_BOOL_CONVERSION = YES;
				CLANG_WARN_CONSTANT_CONVERSION = YES;
				CLANG_WARN_DIRECT_OBJC_ISA_USAGE = YES_ERROR;
				CLANG_WARN_EMPTY_BODY = YES;
				CLANG_WARN_ENUM_CONVERSION = YES;
				CLANG_WARN_INT_CONVERSION = YES;
				CLANG_WARN_OBJC_ROOT_CLASS = YES_ERROR;
				CLANG_WARN_UNREACHABLE_CODE = YES;
				CLANG_WARN__DUPLICATE_METHOD_MATCH = YES;
				COPY_PHASE_STRIP = NO;
				ENABLE_STRICT_OBJC_MSGSEND = YES;
				GCC_C_LANGUAGE_STANDARD = gnu99;
				GCC_DYNAMIC_NO_PIC = NO;
				GCC_OPTIMIZATION_LEVEL = 0;
				GCC_PREPROCESSOR_DEFINITIONS = (
					"DEBUG=1",
					"$(inherited)",
				);
				GCC_SYMBOLS_PRIVATE_EXTERN = NO;
				GCC_WARN_64_TO_32_BIT_CONVERSION = YES;
				GCC_WARN_ABOUT_RETURN_TYPE = YES_ERROR;
				GCC_WARN_UNDECLARED_SELECTOR = YES;
				GCC_WARN_UNINITIALIZED_AUTOS = YES_AGGRESSIVE;
				GCC_WARN_UNUSED_FUNCTION = YES;
				GCC_WARN_UNUSED_VARIABLE = YES;
				MACOSX_DEPLOYMENT_TARGET = 10.10;
				MTL_ENABLE_DEBUG_INFO = YES;
				ONLY_ACTIVE_ARCH = YES;
				SDKROOT = macosx;
			};
			name = Debug;
		};
		5BA22F101ACB363C004F5609 /* Release */ = {
			isa = XCBuildConfiguration;
			buildSettings = {
				ALWAYS_SEARCH_USER_PATHS = NO;
				ARCHS = "$(ARCHS_STANDARD_32_BIT)";
				CLANG_CXX_LANGUAGE_STANDARD = "gnu++0x";
				CLANG_CXX_LIBRARY = "libc++";
				CLANG_ENABLE_MODULES = YES;
				CLANG_ENABLE_OBJC_ARC = YES;
				CLANG_WARN_BOOL_CONVERSION = YES;
				CLANG_WARN_CONSTANT_CONVERSION = YES;
				CLANG_WARN_DIRECT_OBJC_ISA_USAGE = YES_ERROR;
				CLANG_WARN_EMPTY_BODY = YES;
				CLANG_WARN_ENUM_CONVERSION = YES;
				CLANG_WARN_INT_CONVERSION = YES;
				CLANG_WARN_OBJC_ROOT_CLASS = YES_ERROR;
				CLANG_WARN_UNREACHABLE_CODE = YES;
				CLANG_WARN__DUPLICATE_METHOD_MATCH = YES;
				COPY_PHASE_STRIP = NO;
				DEBUG_INFORMATION_FORMAT = "dwarf-with-dsym";
				ENABLE_NS_ASSERTIONS = NO;
				ENABLE_STRICT_OBJC_MSGSEND = YES;
				GCC_C_LANGUAGE_STANDARD = gnu99;
				GCC_WARN_64_TO_32_BIT_CONVERSION = YES;
				GCC_WARN_ABOUT_RETURN_TYPE = YES_ERROR;
				GCC_WARN_UNDECLARED_SELECTOR = YES;
				GCC_WARN_UNINITIALIZED_AUTOS = YES_AGGRESSIVE;
				GCC_WARN_UNUSED_FUNCTION = YES;
				GCC_WARN_UNUSED_VARIABLE = YES;
				MACOSX_DEPLOYMENT_TARGET = 10.10;
				MTL_ENABLE_DEBUG_INFO = NO;
				SDKROOT = macosx;
			};
			name = Release;
		};
		5BA22F121ACB363C004F5609 /* Debug */ = {
			isa = XCBuildConfiguration;
			buildSettings = {
				ARCHS = "$(ARCHS_STANDARD_32_BIT)";
				PRODUCT_NAME = "$(TARGET_NAME)";
			};
			name = Debug;
		};
		5BA22F131ACB363C004F5609 /* Release */ = {
			isa = XCBuildConfiguration;
			buildSettings = {
				ARCHS = "$(ARCHS_STANDARD_32_BIT)";
				PRODUCT_NAME = "$(TARGET_NAME)";
			};
			name = Release;
		};
/* End XCBuildConfiguration section */

/* Begin XCConfigurationList section */
		5BA22F051ACB363C004F5609 /* Build configuration list for PBXProject "HTTPServer" */ = {
			isa = XCConfigurationList;
			buildConfigurations = (
				5BA22F0F1ACB363C004F5609 /* Debug */,
				5BA22F101ACB363C004F5609 /* Release */,
			);
			defaultConfigurationIsVisible = 0;
			defaultConfigurationName = Release;
		};
		5BA22F111ACB363C004F5609 /* Build configuration list for PBXNativeTarget "HTTPServer" */ = {
			isa = XCConfigurationList;
			buildConfigurations = (
				5BA22F121ACB363C004F5609 /* Debug */,
				5BA22F131ACB363C004F5609 /* Release */,
			);
			defaultConfigurationIsVisible = 0;
			defaultConfigurationName = Release;
		};
/* End XCConfigurationList section */
	};
	rootObject = 5BA22F021ACB363C004F5609 /* Project object */;
}
